
Microsoft Visual Studio Solution File, Format Version 12.00
# Visual Studio Version 16
VisualStudioVersion = 16.0.30413.136
MinimumVisualStudioVersion = 10.0.40219.1
Project("{FAE04EC0-301F-11D3-BF4B-00C04F79EFBC}") = "SecurityMaster_ST", "SecurityMaster_ST.csproj", "{30261C40-6564-4DBB-B5FD-71326A767808}"
EndProject
Global
	GlobalSection(SolutionConfigurationPlatforms) = preSolution
		Debug|Any CPU = Debug|Any CPU
		Release|Any CPU = Release|Any CPU
	EndGlobalSection
	GlobalSection(ProjectConfigurationPlatforms) = postSolution
		{30261C40-6564-4DBB-B5FD-71326A767808}.Debug|Any CPU.ActiveCfg = Debug|Any CPU
		{30261C40-6564-4DBB-B5FD-71326A767808}.Debug|Any CPU.Build.0 = Debug|Any CPU
		{30261C40-6564-4DBB-B5FD-71326A767808}.Release|Any CPU.ActiveCfg = Release|Any CPU
		{30261C40-6564-4DBB-B5FD-71326A767808}.Release|Any CPU.Build.0 = Release|Any CPU
	EndGlobalSection
	GlobalSection(SolutionProperties) = preSolution
		HideSolutionNode = FALSE
	EndGlobalSection
	GlobalSection(ExtensibilityGlobals) = postSolution
		SolutionGuid = {F8D976EF-B93C-4C8E-B397-A28B867412C2}
	EndGlobalSection
EndGlobal
